# THIS IS AN AUTOGENERATED FILE. DO NOT EDIT THIS FILE DIRECTLY.
# yarn lockfile v1


"@esbuild/aix-ppc64@0.27.7":
  version "0.27.7"
  resolved "https://registry.yarnpkg.com/@esbuild/aix-ppc64/-/aix-ppc64-0.27.7.tgz#82b74f92aa78d720b714162939fb248c90addf53"
  integrity sha512-EKX3Qwmhz1eMdEJokhALr0YiD0lhQNwDqkPYyPhiSwKrh7/4KRjQc04sZ8db+5DVVnZ1LmbNDI1uAMPEUBnQPg==

"@esbuild/android-arm64@0.27.7":
  version "0.27.7"
  resolved "https://registry.yarnpkg.com/@esbuild/android-arm64/-/android-arm64-0.27.7.tgz#f78cb8a3121fc205a53285adb24972db385d185d"
  integrity sha512-62dPZHpIXzvChfvfLJow3q5dDtiNMkwiRzPylSCfriLvZeq0a1bWChrGx/BbUbPwOrsWKMn8idSllklzBy+dgQ==

"@esbuild/android-arm@0.27.7":
  version "0.27.7"
  resolved "https://registry.yarnpkg.com/@esbuild/android-arm/-/android-arm-0.27.7.tgz#593e10a1450bbfcac6cb321f61f468453bac209d"
  integrity sha512-jbPXvB4Yj2yBV7HUfE2KHe4GJX51QplCN1pGbYjvsyCZbQmies29EoJbkEc+vYuU5o45AfQn37vZlyXy4YJ8RQ==

"@esbuild/android-x64@0.27.7":
  version "0.27.7"
  resolved "https://registry.yarnpkg.com/@esbuild/android-x64/-/android-x64-0.27.7.tgz#453143d073326033d2d22caf9e48de4bae274b07"
  integrity sha512-x5VpMODneVDb70PYV2VQOmIUUiBtY3D3mPBG8NxVk5CogneYhkR7MmM3yR/uMdITLrC1ml/NV1rj4bMJuy9MCg==

"@esbuild/darwin-arm64@0.27.7":
  version "0.27.7"
  resolved "https://registry.yarnpkg.com/@esbuild/darwin-arm64/-/darwin-arm64-0.27.7.tgz#6f23000fb9b40b7e04b7d0606c0693bd0632f322"
  integrity sha512-5lckdqeuBPlKUwvoCXIgI2D9/ABmPq3Rdp7IfL70393YgaASt7tbju3Ac+ePVi3KDH6N2RqePfHnXkaDtY9fkw==

"@esbuild/darwin-x64@0.27.7":
  version "0.27.7"
  resolved "https://registry.yarnpkg.com/@esbuild/darwin-x64/-/darwin-x64-0.27.7.tgz#27393dd18bb1263c663979c5f1576e00c2d024be"
  integrity sha512-rYnXrKcXuT7Z+WL5K980jVFdvVKhCHhUwid+dDYQpH+qu+TefcomiMAJpIiC2EM3Rjtq0sO3StMV/+3w3MyyqQ==

"@esbuild/freebsd-arm64@0.27.7":
  version "0.27.7"
  resolved "https://registry.yarnpkg.com/@esbuild/freebsd-arm64/-/freebsd-arm64-0.27.7.tgz#22e4638fa502d1c0027077324c97640e3adf3a62"
  integrity sha512-B48PqeCsEgOtzME2GbNM2roU29AMTuOIN91dsMO30t+Ydis3z/3Ngoj5hhnsOSSwNzS+6JppqWsuhTp6E82l2w==

"@esbuild/freebsd-x64@0.27.7":
  version "0.27.7"
  resolved "https://registry.yarnpkg.com/@esbuild/freebsd-x64/-/freebsd-x64-0.27.7.tgz#9224b8e4fea924ce2194e3efc3e9aebf822192d6"
  integrity sha512-jOBDK5XEjA4m5IJK3bpAQF9/Lelu/Z9ZcdhTRLf4cajlB+8VEhFFRjWgfy3M1O4rO2GQ/b2dLwCUGpiF/eATNQ==

"@esbuild/linux-arm64@0.27.7":
  version "0.27.7"
  resolved "https://registry.yarnpkg.com/@esbuild/linux-arm64/-/linux-arm64-0.27.7.tgz#4f5d1c27527d817b35684ae21419e57c2bda0966"
  integrity sha512-RZPHBoxXuNnPQO9rvjh5jdkRmVizktkT7TCDkDmQ0W2SwHInKCAV95GRuvdSvA7w4VMwfCjUiPwDi0ZO6Nfe9A==

"@esbuild/linux-arm@0.27.7":
  version "0.27.7"
  resolved "https://registry.yarnpkg.com/@esbuild/linux-arm/-/linux-arm-0.27.7.tgz#b9e9d070c8c1c0449cf12b20eac37d70a4595921"
  integrity sha512-RkT/YXYBTSULo3+af8Ib0ykH8u2MBh57o7q/DAs3lTJlyVQkgQvlrPTnjIzzRPQyavxtPtfg0EopvDyIt0j1rA==

"@esbuild/linux-ia32@0.27.7":
  version "0.27.7"
  resolved "https://registry.yarnpkg.com/@esbuild/linux-ia32/-/linux-ia32-0.27.7.tgz#3f80fb696aa96051a94047f35c85b08b21c36f9e"
  integrity sha512-GA48aKNkyQDbd3KtkplYWT102C5sn/EZTY4XROkxONgruHPU72l+gW+FfF8tf2cFjeHaRbWpOYa/uRBz/Xq1Pg==

"@esbuild/linux-loong64@0.27.7":
  version "0.27.7"
  resolved "https://registry.yarnpkg.com/@esbuild/linux-loong64/-/linux-loong64-0.27.7.tgz#9be1f2c28210b13ebb4156221bba356fe1675205"
  integrity sha512-a4POruNM2oWsD4WKvBSEKGIiWQF8fZOAsycHOt6JBpZ+JN2n2JH9WAv56SOyu9X5IqAjqSIPTaJkqN8F7XOQ5Q==

"@esbuild/linux-mips64el@0.27.7":
  version "0.27.7"
  resolved "https://registry.yarnpkg.com/@esbuild/linux-mips64el/-/linux-mips64el-0.27.7.tgz#4ab5ee67a3dfcbcb5e8fd7883dae6e735b1163b8"
  integrity sha512-KabT5I6StirGfIz0FMgl1I+R1H73Gp0ofL9A3nG3i/cYFJzKHhouBV5VWK1CSgKvVaG4q1RNpCTR2LuTVB3fIw==

"@esbuild/linux-ppc64@0.27.7":
  version "0.27.7"
  resolved "https://registry.yarnpkg.com/@esbuild/linux-ppc64/-/linux-ppc64-0.27.7.tgz#dac78c689f6499459c4321e5c15032c12307e7ea"
  integrity sha512-gRsL4x6wsGHGRqhtI+ifpN/vpOFTQtnbsupUF5R5YTAg+y/lKelYR1hXbnBdzDjGbMYjVJLJTd2OFmMewAgwlQ==

"@esbuild/linux-riscv64@0.27.7":
  version "0.27.7"
  resolved "https://registry.yarnpkg.com/@esbuild/linux-riscv64/-/linux-riscv64-0.27.7.tgz#050f7d3b355c3a98308e935bc4d6325da91b0027"
  integrity sha512-hL25LbxO1QOngGzu2U5xeXtxXcW+/GvMN3ejANqXkxZ/opySAZMrc+9LY/WyjAan41unrR3YrmtTsUpwT66InQ==

"@esbuild/linux-s390x@0.27.7":
  version "0.27.7"
  resolved "https://registry.yarnpkg.com/@esbuild/linux-s390x/-/linux-s390x-0.27.7.tgz#d61f715ce61d43fe5844ad0d8f463f88cbe4fef6"
  integrity sha512-2k8go8Ycu1Kb46vEelhu1vqEP+UeRVj2zY1pSuPdgvbd5ykAw82Lrro28vXUrRmzEsUV0NzCf54yARIK8r0fdw==

"@esbuild/linux-x64@0.27.7":
  version "0.27.7"
  resolved "https://registry.yarnpkg.com/@esbuild/linux-x64/-/linux-x64-0.27.7.tgz#ca8e1aa478fc8209257bf3ac8f79c4dc2982f32a"
  integrity sha512-hzznmADPt+OmsYzw1EE33ccA+HPdIqiCRq7cQeL1Jlq2gb1+OyWBkMCrYGBJ+sxVzve2ZJEVeePbLM2iEIZSxA==

"@esbuild/netbsd-arm64@0.27.7":
  version "0.27.7"
  resolved "https://registry.yarnpkg.com/@esbuild/netbsd-arm64/-/netbsd-arm64-0.27.7.tgz#1650f2c1b948deeb3ef948f2fc30614723c09690"
  integrity sha512-b6pqtrQdigZBwZxAn1UpazEisvwaIDvdbMbmrly7cDTMFnw/+3lVxxCTGOrkPVnsYIosJJXAsILG9XcQS+Yu6w==

"@esbuild/netbsd-x64@0.27.7":
  version "0.27.7"
  resolved "https://registry.yarnpkg.com/@esbuild/netbsd-x64/-/netbsd-x64-0.27.7.tgz#65772ab342c4b3319bf0705a211050aac1b6e320"
  integrity sha512-OfatkLojr6U+WN5EDYuoQhtM+1xco+/6FSzJJnuWiUw5eVcicbyK3dq5EeV/QHT1uy6GoDhGbFpprUiHUYggrw==

"@esbuild/openbsd-arm64@0.27.7":
  version "0.27.7"
  resolved "https://registry.yarnpkg.com/@esbuild/openbsd-arm64/-/openbsd-arm64-0.27.7.tgz#37ed7cfa66549d7955852fce37d0c3de4e715ea1"
  integrity sha512-AFuojMQTxAz75Fo8idVcqoQWEHIXFRbOc1TrVcFSgCZtQfSdc1RXgB3tjOn/krRHENUB4j00bfGjyl2mJrU37A==

"@esbuild/openbsd-x64@0.27.7":
  version "0.27.7"
  resolved "https://registry.yarnpkg.com/@esbuild/openbsd-x64/-/openbsd-x64-0.27.7.tgz#01bf3d385855ef50cb33db7c4b52f957c34cd179"
  integrity sha512-+A1NJmfM8WNDv5CLVQYJ5PshuRm/4cI6WMZRg1by1GwPIQPCTs1GLEUHwiiQGT5zDdyLiRM/l1G0Pv54gvtKIg==

"@esbuild/openharmony-arm64@0.27.7":
  version "0.27.7"
  resolved "https://registry.yarnpkg.com/@esbuild/openharmony-arm64/-/openharmony-arm64-0.27.7.tgz#6c1f94b34086599aabda4eac8f638294b9877410"
  integrity sha512-+KrvYb/C8zA9CU/g0sR6w2RBw7IGc5J2BPnc3dYc5VJxHCSF1yNMxTV5LQ7GuKteQXZtspjFbiuW5/dOj7H4Yw==

"@esbuild/sunos-x64@0.27.7":
  version "0.27.7"
  resolved "https://registry.yarnpkg.com/@esbuild/sunos-x64/-/sunos-x64-0.27.7.tgz#4b0dd17ae0a6941d2d0fd35a906392517071a90d"
  integrity sha512-ikktIhFBzQNt/QDyOL580ti9+5mL/YZeUPKU2ivGtGjdTYoqz6jObj6nOMfhASpS4GU4Q/Clh1QtxWAvcYKamA==

"@esbuild/win32-arm64@0.27.7":
  version "0.27.7"
  resolved "https://registry.yarnpkg.com/@esbuild/win32-arm64/-/win32-arm64-0.27.7.tgz#34193ab5565d6ff68ca928ac04be75102ccb2e77"
  integrity sha512-7yRhbHvPqSpRUV7Q20VuDwbjW5kIMwTHpptuUzV+AA46kiPze5Z7qgt6CLCK3pWFrHeNfDd1VKgyP4O+ng17CA==

"@esbuild/win32-ia32@0.27.7":
  version "0.27.7"
  resolved "https://registry.yarnpkg.com/@esbuild/win32-ia32/-/win32-ia32-0.27.7.tgz#eb67f0e4482515d8c1894ede631c327a4da9fc4d"
  integrity sha512-SmwKXe6VHIyZYbBLJrhOoCJRB/Z1tckzmgTLfFYOfpMAx63BJEaL9ExI8x7v0oAO3Zh6D/Oi1gVxEYr5oUCFhw==

"@esbuild/win32-x64@0.27.7":
  version "0.27.7"
  resolved "https://registry.yarnpkg.com/@esbuild/win32-x64/-/win32-x64-0.27.7.tgz#8fe30b3088b89b4873c3a6cc87597ae3920c0a8b"
  integrity sha512-56hiAJPhwQ1R4i+21FVF7V8kSD5zZTdHcVuRFMW0hn753vVfQN8xlx4uOPT4xoGH0Z/oVATuR82AiqSTDIpaHg==

"@rolldown/pluginutils@^1.0.0":
  version "1.0.1"
  resolved "https://registry.yarnpkg.com/@rolldown/pluginutils/-/pluginutils-1.0.1.tgz#e3fcee093fbb5ce765e1ad088ff4de2889f6f9be"
  integrity sha512-2j9bGt5Jh8hj+vPtgzPtl72j0yRxHAyumoo6TNfAjsLB04UtpSvPbPcDcBMxz7n+9CYB0c1GxQFxYRg2jimqGw==

"@rollup/rollup-android-arm-eabi@4.60.4":
  version "4.60.4"
  resolved "https://registry.yarnpkg.com/@rollup/rollup-android-arm-eabi/-/rollup-android-arm-eabi-4.60.4.tgz#3a04f01e9f01392bbef5920b94aa3b88794be7ab"
  integrity sha512-F5QXMSiFebS9hKZj02XhWLLnRpJ3B3AROP0tWbFBSj+6kCbg5m9j5JoHKd4mmSVy5mS/IMQloYgYxCuJC0fxEQ==

"@rollup/rollup-android-arm64@4.60.4":
  version "4.60.4"
  resolved "https://registry.yarnpkg.com/@rollup/rollup-android-arm64/-/rollup-android-arm64-4.60.4.tgz#e371b653ceabc900790ae73f5548a0fd7cd63a70"
  integrity sha512-GxxTKApUpzRhof7poWvCJHRF51C67u1R7D6DiluBE8wKU1u5GWE8t+v81JvJYtbawoBFX1hLv5Ei4eVjkWokaw==

"@rollup/rollup-darwin-arm64@4.60.4":
  version "4.60.4"
  resolved "https://registry.yarnpkg.com/@rollup/rollup-darwin-arm64/-/rollup-darwin-arm64-4.60.4.tgz#2a5aa70432e39816d666d79287a7324cfc3b4e72"
  integrity sha512-tua0TaJxMOB1R0V0RS1jFZ/RpURFDJIOR2A6jWwQeawuFyS4gBW+rntLRaQd0EQ4bd6Vp44Z2rXW+YYDBsj6IA==

"@rollup/rollup-darwin-x64@4.60.4":
  version "4.60.4"
  resolved "https://registry.yarnpkg.com/@rollup/rollup-darwin-x64/-/rollup-darwin-x64-4.60.4.tgz#c3b5b49629379cd9cdc5d841bf00ed44ebf393dd"
  integrity sha512-CSKq7MsP+5PFIcydhAiR1K0UhEI1A2jWXVKHPCBZ151yOutENwvnPocgVHkivu2kviURtCEB6zUQw0vs8RrhMg==

"@rollup/rollup-freebsd-arm64@4.60.4":
  version "4.60.4"
  resolved "https://registry.yarnpkg.com/@rollup/rollup-freebsd-arm64/-/rollup-freebsd-arm64-4.60.4.tgz#f929d8e0462fae6602fc960beeabd7287d859283"
  integrity sha512-+O8OkVdyvXMtJEciu2wS/pzm1IxntEEQx3z5TAVy4l32G0etZn+RsA48ARRrFm6Ri8fvqPQfgrvNxSjKAbnd3g==

"@rollup/rollup-freebsd-x64@4.60.4":
  version "4.60.4"
  resolved "https://registry.yarnpkg.com/@rollup/rollup-freebsd-x64/-/rollup-freebsd-x64-4.60.4.tgz#c01cb58031226f95d0900b1ec847f4fb32c6e809"
  integrity sha512-Iw3oMskH3AfNuhU0MSN7vNbdi4me/NiYo2azqPz/Le16zHSa+3RRmliCMWWQmh4lcndccU40xcJuTYJZxNo/lw==

"@rollup/rollup-linux-arm-gnueabihf@4.60.4":
  version "4.60.4"
  resolved "https://registry.yarnpkg.com/@rollup/rollup-linux-arm-gnueabihf/-/rollup-linux-arm-gnueabihf-4.60.4.tgz#f29d890c4858c8e0d3be01677eef4f6a359eed9d"
  integrity sha512-EIPRXTVQpHyF8WOo219AD2yEltPehLTcTMz2fn6JsatLYSzQf00hj3rulF+yauOlF9/FtM2WpkT/hJh/KJFGhA==

"@rollup/rollup-linux-arm-musleabihf@4.60.4":
  version "4.60.4"
  resolved "https://registry.yarnpkg.com/@rollup/rollup-linux-arm-musleabihf/-/rollup-linux-arm-musleabihf-4.60.4.tgz#1ebfc8eb9f66136ed2faae5f44995add5ca3c964"
  integrity sha512-J3Yh9PzzF1Ovah2At+lHiGQdsYgArxBbXv/zHfSyaiFQEqvNv7DcW98pCrmdjCZBrqBiKrKKe2V+aaSGWuBe/w==

"@rollup/rollup-linux-arm64-gnu@4.60.4":
  version "4.60.4"
  resolved "https://registry.yarnpkg.com/@rollup/rollup-linux-arm64-gnu/-/rollup-linux-arm64-gnu-4.60.4.tgz#c1fa823c2c4ce46ba7f61de1a4c3fdadd4fb4e7b"
  integrity sha512-BFDEZMYfUvLn37ONE1yMBojPxnMlTFsdyNoqncT0qFq1mAfllL+ATMMJd8TeuVMiX84s1KbcxcZbXInmcO2mRg==

"@rollup/rollup-linux-arm64-musl@4.60.4":
  version "4.60.4"
  resolved "https://registry.yarnpkg.com/@rollup/rollup-linux-arm64-musl/-/rollup-linux-arm64-musl-4.60.4.tgz#a7f18854d0471b78bda8ea38f0891a4e059b571d"
  integrity sha512-pc9EYOSlOgdQ2uPl1o9PF6/kLSgaUosia7gOuS8mB69IxJvlclko1MECXysjs5ryez1/5zjYqx3+xYU0TU6R1A==

"@rollup/rollup-linux-loong64-gnu@4.60.4":
  version "4.60.4"
  resolved "https://registry.yarnpkg.com/@rollup/rollup-linux-loong64-gnu/-/rollup-linux-loong64-gnu-4.60.4.tgz#83658a9a4576bcce8cef85b2c78b9b649d2200c4"
  integrity sha512-NxnomyxYerDh5n4iLrNa+sH+Z+U4BMEE46V2PgQ/hoB909i8gV1M5wPojWg9fk1jWpO3IQnOs20K4wyZuFLEFQ==

"@rollup/rollup-linux-loong64-musl@4.60.4":
  version "4.60.4"
  resolved "https://registry.yarnpkg.com/@rollup/rollup-linux-loong64-musl/-/rollup-linux-loong64-musl-4.60.4.tgz#fd2af677ae3417bb58d57ae37dd0d84686e40244"
  integrity sha512-nbJnQ8a3z1mtmrwImCYhc6BGpThAyYVRQxw9uKSKG4wR6aAYno9sVjJ0zaZcW9BPJX1GbrDPf+SvdWjgTuDmnw==

"@rollup/rollup-linux-ppc64-gnu@4.60.4":
  version "4.60.4"
  resolved "https://registry.yarnpkg.com/@rollup/rollup-linux-ppc64-gnu/-/rollup-linux-ppc64-gnu-4.60.4.tgz#6481647181c4cf8f1ddbd99f62c84cfc56c1a94a"
  integrity sha512-2EU6acNrQLd8tYvo/LXW535wupT3m6fo7HKo6lr7ktQoItxTyOL1ZCR/GfGCuXl2vR+zmfI6eRXkSemafv+iVg==

"@rollup/rollup-linux-ppc64-musl@4.60.4":
  version "4.60.4"
  resolved "https://registry.yarnpkg.com/@rollup/rollup-linux-ppc64-musl/-/rollup-linux-ppc64-musl-4.60.4.tgz#18610a1a1550e28a5042ca916f898419540f17f4"
  integrity sha512-WeBtoMuaMxiiIrO2IYP3xs6GMWkJP2C0EoT8beTLkUPmzV1i/UcOSVw1d5r9KBODtHKilG5yFxsGRnBbK3wJ4A==

"@rollup/rollup-linux-riscv64-gnu@4.60.4":
  version "4.60.4"
  resolved "https://registry.yarnpkg.com/@rollup/rollup-linux-riscv64-gnu/-/rollup-linux-riscv64-gnu-4.60.4.tgz#597bb80465a2621dbe0de0a41c66394a8a7e9a6e"
  integrity sha512-FJHFfqpKUI3A10WrWKiFbBZ7yVbGT4q4B5o1qKFFojqpaYoh9LrQgqWCmmcxQzVSXYtyB5bzkXrYzlHTs21MYA==

"@rollup/rollup-linux-riscv64-musl@4.60.4":
  version "4.60.4"
  resolved "https://registry.yarnpkg.com/@rollup/rollup-linux-riscv64-musl/-/rollup-linux-riscv64-musl-4.60.4.tgz#a2a919a9f927ef7f24a60af77e3cb55f1ad59e4d"
  integrity sha512-mcEl6CUT5IAUmQf1m9FYSmVqCJlpQ8r8eyftFUHG8i9OhY7BkBXSUdnLH5DOf0wCOjcP9v/QO93zpmF1SptCCw==

"@rollup/rollup-linux-s390x-gnu@4.60.4":
  version "4.60.4"
  resolved "https://registry.yarnpkg.com/@rollup/rollup-linux-s390x-gnu/-/rollup-linux-s390x-gnu-4.60.4.tgz#3166f6ceae7df9bbfddf9f36be1937231e13e3c6"
  integrity sha512-ynt3JxVd2w2buzoKDWIyiV1pJW93xlQic1THVLXilz429oijRpSHivZAgp65KBu+cMcgf1eVVjdnTLvPxgCuoQ==

"@rollup/rollup-linux-x64-gnu@4.60.4":
  version "4.60.4"
  resolved "https://registry.yarnpkg.com/@rollup/rollup-linux-x64-gnu/-/rollup-linux-x64-gnu-4.60.4.tgz#23c9bf79771d804fb87415eb0767569f273261e5"
  integrity sha512-Boiz5+MsaROEWDf+GGEwF8VMHGhlUoQMtIPjOgA5fv4osupqTVnJteQNKJwUcnUog2G55jYXH7KZFFiJe0TEzQ==

"@rollup/rollup-linux-x64-musl@4.60.4":
  version "4.60.4"
  resolved "https://registry.yarnpkg.com/@rollup/rollup-linux-x64-musl/-/rollup-linux-x64-musl-4.60.4.tgz#97941c6b94d67fe25cde0f027c10a19f2d1fdd39"
  integrity sha512-+qfSY27qIrFfI/Hom04KYFw3GKZSGU4lXus51wsb5EuySfFlWRwjkKWoE9emgRw/ukoT4Udsj4W/+xxG8VbPKg==

"@rollup/rollup-openbsd-x64@4.60.4":
  version "4.60.4"
  resolved "https://registry.yarnpkg.com/@rollup/rollup-openbsd-x64/-/rollup-openbsd-x64-4.60.4.tgz#7aeb7d92e2cd1d399f56daf75c39040b777b6c77"
  integrity sha512-VpTfOPHgVXEBeeR8hZ2O0F3aSso+JDWqTWmTmzcQKted54IAdUVbxE+j/MVxUsKa8L20HJhv3vUezVPoquqWjA==

"@rollup/rollup-openharmony-arm64@4.60.4":
  version "4.60.4"
  resolved "https://registry.yarnpkg.com/@rollup/rollup-openharmony-arm64/-/rollup-openharmony-arm64-4.60.4.tgz#925de61ae83bf99aa636e8acea87432e8c0ffaab"
  integrity sha512-IPOsh5aRYuLv/nkU51X10Bf75Bsf6+gZdx1X+QP5QM6lIJFHHqbHLG0uJn/hWthzo13UAc2umiUorqZy3axoZg==

"@rollup/rollup-win32-arm64-msvc@4.60.4":
  version "4.60.4"
  resolved "https://registry.yarnpkg.com/@rollup/rollup-win32-arm64-msvc/-/rollup-win32-arm64-msvc-4.60.4.tgz#888ab83842721491044c46a7407e1f38f3235bb4"
  integrity sha512-4QzE9E81OohJ/HKzHhsqU+zcYYojVOXlFMs1DdyMT6qXl/niOH7AVElmmEdUNHHS/oRkc++d5k6Vy85zFs0DEw==

"@rollup/rollup-win32-ia32-msvc@4.60.4":
  version "4.60.4"
  resolved "https://registry.yarnpkg.com/@rollup/rollup-win32-ia32-msvc/-/rollup-win32-ia32-msvc-4.60.4.tgz#fa30ac24e3f0232139d2a47500560a28695764d4"
  integrity sha512-zTPgT1YuHHcd+Tmx7h8aml0FWFVelV5N54oHow9SLj+GfoDy/huQ+UV396N/C7KpMDMiPspRktzM1/0r1usYEA==

"@rollup/rollup-win32-x64-gnu@4.60.4":
  version "4.60.4"
  resolved "https://registry.yarnpkg.com/@rollup/rollup-win32-x64-gnu/-/rollup-win32-x64-gnu-4.60.4.tgz#223e2bc93f86e0707568e1fadb5b537e50c976c7"
  integrity sha512-DRS4G7mi9lJxqEDezIkKCaUIKCrLUUDCUaCsTPCi/rtqaC6D/jjwslMQyiDU50Ka0JKpeXeRBFBAXwArY52vBw==

"@rollup/rollup-win32-x64-msvc@4.60.4":
  version "4.60.4"
  resolved "https://registry.yarnpkg.com/@rollup/rollup-win32-x64-msvc/-/rollup-win32-x64-msvc-4.60.4.tgz#da4f1676d87e2bdf744291b504b0ab79550c3e61"
  integrity sha512-QVTUovf40zgTqlFVrKA1uXMVvU2QWEFWfAH8Wdc48IxLvrJMQVMBRjuQyUpzZCDkakImib9eVazbWlC6ksWtJw==

"@swc/core-darwin-arm64@1.15.40":
  version "1.15.40"
  resolved "https://registry.yarnpkg.com/@swc/core-darwin-arm64/-/core-darwin-arm64-1.15.40.tgz#b05d715b04c4fd47baf59288233da85a683cc0bc"
  integrity sha512-PaYyclfmQ++77D8ityYvmmVzHv9aG8ROwt2GfG6/ccloy4Hgf80qtOnzb9VYvPsUT7Ty1uhuDRhv3XYpf62qhQ==

"@swc/core-darwin-x64@1.15.40":
  version "1.15.40"
  resolved "https://registry.yarnpkg.com/@swc/core-darwin-x64/-/core-darwin-x64-1.15.40.tgz#3180daef5c1e47b435f8edd084509e0a5c0d883b"
  integrity sha512-HbbPzvfLBUXjIB1Ezks+//lNUjmLjfyd63XSwprJgrZaXYdm70kohXPJUWdqKZozolFxbPaO+xtBaiUp6BoueA==

"@swc/core-linux-arm-gnueabihf@1.15.40":
  version "1.15.40"
  resolved "https://registry.yarnpkg.com/@swc/core-linux-arm-gnueabihf/-/core-linux-arm-gnueabihf-1.15.40.tgz#18fcd3c70e48fdfae07c9f18751b1409ce1e5e84"
  integrity sha512-SlRZsCjOCPR2LvFs0Ri/Xrx/5o5TCt8vl4gW6mX1hEZOG0a625RxzRHpHdAQNGykmAN/7IeaFAJG+QnNmxlHcA==

"@swc/core-linux-arm64-gnu@1.15.40":
  version "1.15.40"
  resolved "https://registry.yarnpkg.com/@swc/core-linux-arm64-gnu/-/core-linux-arm64-gnu-1.15.40.tgz#26304933922f2a8e3194770e404403fc25a19c89"
  integrity sha512-Q8byxJt2fh8CR3EUX6snBpy47AoBVm+In/+Z3rjDHMjC38ZvR9/gtUUNCT0tfrn4EdVsO8/QPi59nxrxvqxvBQ==

"@swc/core-linux-arm64-musl@1.15.40":
  version "1.15.40"
  resolved "https://registry.yarnpkg.com/@swc/core-linux-arm64-musl/-/core-linux-arm64-musl-1.15.40.tgz#3402dfba04ba7b8ea81f243e2f8fa2c336b54d03"
  integrity sha512-4z0MgHU+7M0pZDqBN1El7mFXDI1SBwinfcUkAyA4v8QrhOIUOZltySt2aStQLZGrdXVXM4Y4ylfiTC04ED+MoQ==

"@swc/core-linux-ppc64-gnu@1.15.40":
  version "1.15.40"
  resolved "https://registry.yarnpkg.com/@swc/core-linux-ppc64-gnu/-/core-linux-ppc64-gnu-1.15.40.tgz#b3df9065cad352328c1eeef08a28fc9fe98785aa"
  integrity sha512-fLI4iUgeSZu0eRWUXwe6YzPFx9gHbFiPkl8Rp3mJfP8OpNR3nTQCGPvHdDh9xniW7mVvgMY4ni7A4VzqI1KrpA==

"@swc/core-linux-s390x-gnu@1.15.40":
  version "1.15.40"
  resolved "https://registry.yarnpkg.com/@swc/core-linux-s390x-gnu/-/core-linux-s390x-gnu-1.15.40.tgz#58e5b601f641dde81b30626ef66a668701ec918f"
  integrity sha512-YqeKMAb7d4nQSGMJQ454IlaCENpzcDqhvBE9+CPfdnYpnUXxd+BSrB6Xk0YjW8UyoEhUj4p6quATCxbsp6J3jg==

"@swc/core-linux-x64-gnu@1.15.40":
  version "1.15.40"
  resolved "https://registry.yarnpkg.com/@swc/core-linux-x64-gnu/-/core-linux-x64-gnu-1.15.40.tgz#cf057dce0c148c53f2d30152baaf60ea29e5d59c"
  integrity sha512-7HOuS1iGcme/j/TuL1TfmmLGiMQrjv/GmjyZeydl00FKPtpGXEldwqfI56xgd1YzrzoB2svWjxbGGyQ0TEASxg==

"@swc/core-linux-x64-musl@1.15.40":
  version "1.15.40"
  resolved "https://registry.yarnpkg.com/@swc/core-linux-x64-musl/-/core-linux-x64-musl-1.15.40.tgz#21fb1a4d0193e9bbcd1469ecd36166d2e96e4006"
  integrity sha512-h4kZYHc7dpc9P9u4brRJaS8Pl7tPVHAeiLSzw7T5RfIJgAoSdaCMKzI/2Uay9gFhaw8uyCDl0L5q37r0EpAfIA==

"@swc/core-win32-arm64-msvc@1.15.40":
  version "1.15.40"
  resolved "https://registry.yarnpkg.com/@swc/core-win32-arm64-msvc/-/core-win32-arm64-msvc-1.15.40.tgz#1dba23b2b0db86b3d6d65da2abd627cc607a1fbc"
  integrity sha512-+mQgKZXSj6mV38Zh05QaxSjUDmGP/R2JWlXZTDLSPkDzHU6p3GxN9eeSf5dfyDVU86946fmCvSzyl/ucImx8+A==

"@swc/core-win32-ia32-msvc@1.15.40":
  version "1.15.40"
  resolved "https://registry.yarnpkg.com/@swc/core-win32-ia32-msvc/-/core-win32-ia32-msvc-1.15.40.tgz#b2da1e33165d469467b1046a2189db468da488eb"
  integrity sha512-yvwdPLGd25mcj/mNatjNQ0lZujtQD6psH3v9PNmMb+fSzjbNG8KIDxjFWrcV+fsFVLOkyOmdJsFmX7NAFjVyPw==

"@swc/core-win32-x64-msvc@1.15.40":
  version "1.15.40"
  resolved "https://registry.yarnpkg.com/@swc/core-win32-x64-msvc/-/core-win32-x64-msvc-1.15.40.tgz#3563f7e8ce8708f5fda43eb8e0956ef11e0da320"
  integrity sha512-OXtKsLU1bVtInzzDEAY2sYiF/rl4tvAnLLLpuMp3HzAOQZ5A+i69AKDhA1YLQTaMAqO3vzyYNVAYVRMPtSYD4w==

"@swc/core@^1.15.11":
  version "1.15.40"
  resolved "https://registry.yarnpkg.com/@swc/core/-/core-1.15.40.tgz#941c949aa88c0d8d291f102f519f3c2c77701b90"
  integrity sha512-2kwzJikRvgtNAG7MwVZY2vEzZjTxKIq5jXOihuSV/8U+Hej8Va22t65aKnJZs3P+NwojZvR8Mf8kyM7O+V8sQg==
  dependencies:
    "@swc/counter" "^0.1.3"
    "@swc/types" "^0.1.26"
  optionalDependencies:
    "@swc/core-darwin-arm64" "1.15.40"
    "@swc/core-darwin-x64" "1.15.40"
    "@swc/core-linux-arm-gnueabihf" "1.15.40"
    "@swc/core-linux-arm64-gnu" "1.15.40"
    "@swc/core-linux-arm64-musl" "1.15.40"
    "@swc/core-linux-ppc64-gnu" "1.15.40"
    "@swc/core-linux-s390x-gnu" "1.15.40"
    "@swc/core-linux-x64-gnu" "1.15.40"
    "@swc/core-linux-x64-musl" "1.15.40"
    "@swc/core-win32-arm64-msvc" "1.15.40"
    "@swc/core-win32-ia32-msvc" "1.15.40"
    "@swc/core-win32-x64-msvc" "1.15.40"

"@swc/counter@^0.1.3":
  version "0.1.3"
  resolved "https://registry.yarnpkg.com/@swc/counter/-/counter-0.1.3.tgz#cc7463bd02949611c6329596fccd2b0ec782b0e9"
  integrity sha512-e2BR4lsJkkRlKZ/qCHPw9ZaSxc0MVUd7gtbtaB7aMvHeJVYe8sOB8DBZkP2DtISHGSku9sCK6T6cnY0CtXrOCQ==

"@swc/types@^0.1.26":
  version "0.1.26"
  resolved "https://registry.yarnpkg.com/@swc/types/-/types-0.1.26.tgz#2a976a1870caef1992316dda1464150ee36968b5"
  integrity sha512-lyMwd7WGgG79RS7EERZV3T8wMdmPq3xwyg+1nmAM64kIhx5yl+juO2PYIHb7vTiPgPCj8LYjsNV2T5wiQHUEaw==
  dependencies:
    "@swc/counter" "^0.1.3"

"@tauri-apps/cli-darwin-arm64@2.11.2":
  version "2.11.2"
  resolved "https://registry.yarnpkg.com/@tauri-apps/cli-darwin-arm64/-/cli-darwin-arm64-2.11.2.tgz#6066804d06556a7f7da06fc5991ad8767213438f"
  integrity sha512-+4UZzLt+eOAEQCwgd+TqKgyUJMrvx+BgdXLLaqJYmPqzP+nE6YZr/hY6CWLYGQb8jFn99jEkmC6uA3tNvamA1w==

"@tauri-apps/cli-darwin-x64@2.11.2":
  version "2.11.2"
  resolved "https://registry.yarnpkg.com/@tauri-apps/cli-darwin-x64/-/cli-darwin-x64-2.11.2.tgz#d5cb5c2f3fd56920a7fe632c3814d1b9213dd241"
  integrity sha512-VjYYtZUPqDMLutSfJEyxFE3Bz+DPi7c8wC3imckgvciLDZLq4qwKJxBicg0BXGhXjJsl8vKWgWRFNMPELQ+Xyg==

"@tauri-apps/cli-linux-arm-gnueabihf@2.11.2":
  version "2.11.2"
  resolved "https://registry.yarnpkg.com/@tauri-apps/cli-linux-arm-gnueabihf/-/cli-linux-arm-gnueabihf-2.11.2.tgz#ec071fd0d33dc8b5d6a2469d4ea6c22cc6df4734"
  integrity sha512-yMemD6f4i95AQriS8EazyOFzbE34yjnP16i3IOzpHGQvBoy2DjypFMFBq0NtPuITURv/cOGguRtHR5d79/9CSA==

"@tauri-apps/cli-linux-arm64-gnu@2.11.2":
  version "2.11.2"
  resolved "https://registry.yarnpkg.com/@tauri-apps/cli-linux-arm64-gnu/-/cli-linux-arm64-gnu-2.11.2.tgz#240afaf766d86904cb2652b888e41ad7c6c8e66d"
  integrity sha512-cgI91D2wL8GSgoWwZXDqt+DwnuZCP2/bz03QAE4TrhgAKIsrB4hX26W/H1EONPUUNkqrsgeCD0wU6pcNjV/5kw==

"@tauri-apps/cli-linux-arm64-musl@2.11.2":
  version "2.11.2"
  resolved "https://registry.yarnpkg.com/@tauri-apps/cli-linux-arm64-musl/-/cli-linux-arm64-musl-2.11.2.tgz#db7ff0c4e4b4c5cb891d33e433714ae29b47fe45"
  integrity sha512-X1rm0BERqAAggtYTESSgXrS3sz4Sb/OiPiz54UqISlXW+GkR3vNIGnsy/lejNmoXGVqri3Q53BCfQiclOIyRPw==

"@tauri-apps/cli-linux-riscv64-gnu@2.11.2":
  version "2.11.2"
  resolved "https://registry.yarnpkg.com/@tauri-apps/cli-linux-riscv64-gnu/-/cli-linux-riscv64-gnu-2.11.2.tgz#9753df2a6e525b99c5135908022bc97cd70fe68f"
  integrity sha512-usbMLJbT3KtkOrBMDVeGYNM35aTHXx38SJSzTMSqqjeUIOQ+iVPjb2yAGNAE+KqmBbAx4FOFIyMeKXx2M/JKGQ==

"@tauri-apps/cli-linux-x64-gnu@2.11.2":
  version "2.11.2"
  resolved "https://registry.yarnpkg.com/@tauri-apps/cli-linux-x64-gnu/-/cli-linux-x64-gnu-2.11.2.tgz#6b33ce919a12f4c64dc98451e688fc23a3f35280"
  integrity sha512-Ru4gwJKPG0ctVGchRGpRup4Y4lW2SSfFnrbQcyHhCliKy4g8Qz97TrUgCur4CbWyAgKxvGh3SjrkA0LDYzDGiw==

"@tauri-apps/cli-linux-x64-musl@2.11.2":
  version "2.11.2"
  resolved "https://registry.yarnpkg.com/@tauri-apps/cli-linux-x64-musl/-/cli-linux-x64-musl-2.11.2.tgz#79e5ae19692f6e603f11cbd64b303c3f196516a6"
  integrity sha512-eUm7T6clN1MMmNSRQ9gaWsQdyehQx2Gmn5hht/QUlqZQI/qcP2OJK5dnaxqwFzCr2HdsEo9ydxaqcS1oJzMvUw==

"@tauri-apps/cli-win32-arm64-msvc@2.11.2":
  version "2.11.2"
  resolved "https://registry.yarnpkg.com/@tauri-apps/cli-win32-arm64-msvc/-/cli-win32-arm64-msvc-2.11.2.tgz#0e027fdab2cd20cc00a116d252cf6255634b7a73"
  integrity sha512-HeeZW80jU+gVTOEX4X/hC6NVSAdDVXajwP5fxIZ/3z9WvUC7qrudX2GMTilYq6Dg0e0sk0XgsAJD1hZ5wPBXUA==

"@tauri-apps/cli-win32-ia32-msvc@2.11.2":
  version "2.11.2"
  resolved "https://registry.yarnpkg.com/@tauri-apps/cli-win32-ia32-msvc/-/cli-win32-ia32-msvc-2.11.2.tgz#06992f9b1d53e2c3c087cf4dbad730104f948dda"
  integrity sha512-YhjQNZcXfbkCLyazSv1nPnJ9iRFE1wm6kc51FDbU10/Dk09io+6PAGMLjkxnX2GdM0qMnDmTjstY8mTDVvtKeA==

"@tauri-apps/cli-win32-x64-msvc@2.11.2":
  version "2.11.2"
  resolved "https://registry.yarnpkg.com/@tauri-apps/cli-win32-x64-msvc/-/cli-win32-x64-msvc-2.11.2.tgz#32d04f651981b0da298c9c137834cb078615ca9c"
  integrity sha512-d2JchlFIpZevZVReyqhQOekJmb1UH3rhZ5VX6sH3ty9ETE0TKQavpihvoScUXfKKpW6HZC0MrFGRU0ZtD+w3gA==

"@tauri-apps/cli@^2.10.0":
  version "2.11.2"
  resolved "https://registry.yarnpkg.com/@tauri-apps/cli/-/cli-2.11.2.tgz#1e1a112263c8a004a2aecba4874f4217573e74ef"
  integrity sha512-bk3HemqvGRoy+5D/dVMUQHKMYLglD0jVnMm/0iGMH6ufZ+p8r14m6BpIixwij3PBvZdvORUp1YifTD8QxVZ1Nw==
  optionalDependencies:
    "@tauri-apps/cli-darwin-arm64" "2.11.2"
    "@tauri-apps/cli-darwin-x64" "2.11.2"
    "@tauri-apps/cli-linux-arm-gnueabihf" "2.11.2"
    "@tauri-apps/cli-linux-arm64-gnu" "2.11.2"
    "@tauri-apps/cli-linux-arm64-musl" "2.11.2"
    "@tauri-apps/cli-linux-riscv64-gnu" "2.11.2"
    "@tauri-apps/cli-linux-x64-gnu" "2.11.2"
    "@tauri-apps/cli-linux-x64-musl" "2.11.2"
    "@tauri-apps/cli-win32-arm64-msvc" "2.11.2"
    "@tauri-apps/cli-win32-ia32-msvc" "2.11.2"
    "@tauri-apps/cli-win32-x64-msvc" "2.11.2"

"@types/estree@1.0.8":
  version "1.0.8"
  resolved "https://registry.yarnpkg.com/@types/estree/-/estree-1.0.8.tgz#958b91c991b1867ced318bedea0e215ee050726e"
  integrity sha512-dWHzHa2WqEXI/O1E9OjrocMTKJl2mSrEolh1Iomrv6U+JuNwaHXsXx9bLu5gG7BUWFIN0skIQJQ/L1rIex4X6w==

"@types/react-dom@^19.0.2":
  version "19.2.3"
  resolved "https://registry.yarnpkg.com/@types/react-dom/-/react-dom-19.2.3.tgz#c1e305d15a52a3e508d54dca770d202cb63abf2c"
  integrity sha512-jp2L/eY6fn+KgVVQAOqYItbF0VY/YApe5Mz2F0aykSO8gx31bYCZyvSeYxCHKvzHG5eZjc+zyaS5BrBWya2+kQ==

"@types/react@^19.2.15":
  version "19.2.15"
  resolved "https://registry.yarnpkg.com/@types/react/-/react-19.2.15.tgz#9e2c6a4251a290f5c525c3143caa872fa6e01e0d"
  integrity sha512-eRwcGNHve+E8qtEQSSRl6urh+rFop4v8gm6O8rGv25CodbvFdLjA1vVQ1KkiFE0w0UPOnb8tDiFKL5lp0rtY5Q==
  dependencies:
    csstype "^3.2.2"

"@vitejs/plugin-react-swc@^4.3.1":
  version "4.3.1"
  resolved "https://registry.yarnpkg.com/@vitejs/plugin-react-swc/-/plugin-react-swc-4.3.1.tgz#b2d8e639006d45b0dcf6190e35dccdc265d1f720"
  integrity sha512-PaeokKjAGraNN+s5SIApgsktnJprIyt3zgEIu7awnEdfn29QiB2crTcCzyi2XGpX9rUnTc0cKU07Wm0N0g7H2w==
  dependencies:
    "@rolldown/pluginutils" "^1.0.0"
    "@swc/core" "^1.15.11"

csstype@^3.2.2:
  version "3.2.3"
  resolved "https://registry.yarnpkg.com/csstype/-/csstype-3.2.3.tgz#ec48c0f3e993e50648c86da559e2610995cf989a"
  integrity sha512-z1HGKcYy2xA8AGQfwrn0PAy+PB7X/GSj3UVJW9qKyn43xWa+gl5nXmU4qqLMRzWVLFC8KusUX8T/0kCiOYpAIQ==

esbuild@^0.27.0:
  version "0.27.7"
  resolved "https://registry.yarnpkg.com/esbuild/-/esbuild-0.27.7.tgz#bcadce22b2f3fd76f257e3a64f83a64986fea11f"
  integrity sha512-IxpibTjyVnmrIQo5aqNpCgoACA/dTKLTlhMHihVHhdkxKyPO1uBBthumT0rdHmcsk9uMonIWS0m4FljWzILh3w==
  optionalDependencies:
    "@esbuild/aix-ppc64" "0.27.7"
    "@esbuild/android-arm" "0.27.7"
    "@esbuild/android-arm64" "0.27.7"
    "@esbuild/android-x64" "0.27.7"
    "@esbuild/darwin-arm64" "0.27.7"
    "@esbuild/darwin-x64" "0.27.7"
    "@esbuild/freebsd-arm64" "0.27.7"
    "@esbuild/freebsd-x64" "0.27.7"
    "@esbuild/linux-arm" "0.27.7"
    "@esbuild/linux-arm64" "0.27.7"
    "@esbuild/linux-ia32" "0.27.7"
    "@esbuild/linux-loong64" "0.27.7"
    "@esbuild/linux-mips64el" "0.27.7"
    "@esbuild/linux-ppc64" "0.27.7"
    "@esbuild/linux-riscv64" "0.27.7"
    "@esbuild/linux-s390x" "0.27.7"
    "@esbuild/linux-x64" "0.27.7"
    "@esbuild/netbsd-arm64" "0.27.7"
    "@esbuild/netbsd-x64" "0.27.7"
    "@esbuild/openbsd-arm64" "0.27.7"
    "@esbuild/openbsd-x64" "0.27.7"
    "@esbuild/openharmony-arm64" "0.27.7"
    "@esbuild/sunos-x64" "0.27.7"
    "@esbuild/win32-arm64" "0.27.7"
    "@esbuild/win32-ia32" "0.27.7"
    "@esbuild/win32-x64" "0.27.7"

fdir@^6.5.0:
  version "6.5.0"
  resolved "https://registry.yarnpkg.com/fdir/-/fdir-6.5.0.tgz#ed2ab967a331ade62f18d077dae192684d50d350"
  integrity sha512-tIbYtZbucOs0BRGqPJkshJUYdL+SDH7dVM8gjy+ERp3WAUjLEFJE+02kanyHtwjWOnwrKYBiwAmM0p4kLJAnXg==

fsevents@~2.3.2, fsevents@~2.3.3:
  version "2.3.3"
  resolved "https://registry.yarnpkg.com/fsevents/-/fsevents-2.3.3.tgz#cac6407785d03675a2a5e1a5305c697b347d90d6"
  integrity sha512-5xoDfX+fL7faATnagmWPpbFtwh/R77WmMMqqHGS65C3vvB0YHrgF+B1YmZ3441tMj5n63k0212XNoJwzlhffQw==

nanoid@^3.3.12:
  version "3.3.12"
  resolved "https://registry.yarnpkg.com/nanoid/-/nanoid-3.3.12.tgz#ab3d912e217a6d0a514f00a72a16543a28982c05"
  integrity sha512-ZB9RH/39qpq5Vu6Y+NmUaFhQR6pp+M2Xt76XBnEwDaGcVAqhlvxrl3B2bKS5D3NH3QR76v3aSrKaF/Kiy7lEtQ==

picocolors@^1.1.1:
  version "1.1.1"
  resolved "https://registry.yarnpkg.com/picocolors/-/picocolors-1.1.1.tgz#3d321af3eab939b083c8f929a1d12cda81c26b6b"
  integrity sha512-xceH2snhtb5M9liqDsmEw56le376mTZkEX/jEb/RxNFyegNul7eNslCXP9FDj/Lcu0X8KEyMceP2ntpaHrDEVA==

picomatch@^4.0.3, picomatch@^4.0.4:
  version "4.0.4"
  resolved "https://registry.yarnpkg.com/picomatch/-/picomatch-4.0.4.tgz#fd6f5e00a143086e074dffe4c924b8fb293b0589"
  integrity sha512-QP88BAKvMam/3NxH6vj2o21R6MjxZUAd6nlwAS/pnGvN9IVLocLHxGYIzFhg6fUQ+5th6P4dv4eW9jX3DSIj7A==

postcss@^8.5.6:
  version "8.5.15"
  resolved "https://registry.yarnpkg.com/postcss/-/postcss-8.5.15.tgz#d1eaf677a324e9ec02196da2d3fecf4a0b9a735c"
  integrity sha512-FfR8sjd4em2T6fb3I2MwAJU7HWVMr9zba+enmQeeWFfCbm+UOC/0X4DS8XtpUTMwWMGbjKYP7xjfNekzyGmB3A==
  dependencies:
    nanoid "^3.3.12"
    picocolors "^1.1.1"
    source-map-js "^1.2.1"

react-dom@^19.2.6:
  version "19.2.6"
  resolved "https://registry.yarnpkg.com/react-dom/-/react-dom-19.2.6.tgz#44a81b0bcca22da814c00847d09d01c8615529b7"
  integrity sha512-0prMI+hvBbPjsWnxDLxlCGyM8PN6UuWjEUCYmZhO67xIV9Xasa/r/vDnq+Xyq4Lo27g8QSbO5YzARu0D1Sps3g==
  dependencies:
    scheduler "^0.27.0"

react@^19.2.6:
  version "19.2.6"
  resolved "https://registry.yarnpkg.com/react/-/react-19.2.6.tgz#3dadb8e12b2a7934c1d5317973e5dce1301f9a4d"
  integrity sha512-sfWGGfavi0xr8Pg0sVsyHMAOziVYKgPLNrS7ig+ivMNb3wbCBw3KxtflsGBAwD3gYQlE/AEZsTLgToRrSCjb0Q==

rollup@^4.43.0:
  version "4.60.4"
  resolved "https://registry.yarnpkg.com/rollup/-/rollup-4.60.4.tgz#ca3814f5900da3ac3981d2e0c61944b7e6e0cb09"
  integrity sha512-WHeFSbZYsPu3+bLoNRUuAO+wavNlocOPf3wSHTP7hcFKVnJeWsYlCDbr3mTS14FCizf9ccIxXA8sGL8zKeQN3g==
  dependencies:
    "@types/estree" "1.0.8"
  optionalDependencies:
    "@rollup/rollup-android-arm-eabi" "4.60.4"
    "@rollup/rollup-android-arm64" "4.60.4"
    "@rollup/rollup-darwin-arm64" "4.60.4"
    "@rollup/rollup-darwin-x64" "4.60.4"
    "@rollup/rollup-freebsd-arm64" "4.60.4"
    "@rollup/rollup-freebsd-x64" "4.60.4"
    "@rollup/rollup-linux-arm-gnueabihf" "4.60.4"
    "@rollup/rollup-linux-arm-musleabihf" "4.60.4"
    "@rollup/rollup-linux-arm64-gnu" "4.60.4"
    "@rollup/rollup-linux-arm64-musl" "4.60.4"
    "@rollup/rollup-linux-loong64-gnu" "4.60.4"
    "@rollup/rollup-linux-loong64-musl" "4.60.4"
    "@rollup/rollup-linux-ppc64-gnu" "4.60.4"
    "@rollup/rollup-linux-ppc64-musl" "4.60.4"
    "@rollup/rollup-linux-riscv64-gnu" "4.60.4"
    "@rollup/rollup-linux-riscv64-musl" "4.60.4"
    "@rollup/rollup-linux-s390x-gnu" "4.60.4"
    "@rollup/rollup-linux-x64-gnu" "4.60.4"
    "@rollup/rollup-linux-x64-musl" "4.60.4"
    "@rollup/rollup-openbsd-x64" "4.60.4"
    "@rollup/rollup-openharmony-arm64" "4.60.4"
    "@rollup/rollup-win32-arm64-msvc" "4.60.4"
    "@rollup/rollup-win32-ia32-msvc" "4.60.4"
    "@rollup/rollup-win32-x64-gnu" "4.60.4"
    "@rollup/rollup-win32-x64-msvc" "4.60.4"
    fsevents "~2.3.2"

scheduler@^0.27.0:
  version "0.27.0"
  resolved "https://registry.yarnpkg.com/scheduler/-/scheduler-0.27.0.tgz#0c4ef82d67d1e5c1e359e8fc76d3a87f045fe5bd"
  integrity sha512-eNv+WrVbKu1f3vbYJT/xtiF5syA5HPIMtf9IgY/nKg0sWqzAUEvqY/xm7OcZc/qafLx/iO9FgOmeSAp4v5ti/Q==

source-map-js@^1.2.1:
  version "1.2.1"
  resolved "https://registry.yarnpkg.com/source-map-js/-/source-map-js-1.2.1.tgz#1ce5650fddd87abc099eda37dcff024c2667ae46"
  integrity sha512-UXWMKhLOwVKb728IUtQPXxfYU+usdybtUrK/8uGE8CQMvrhOpwvzDBwj0QhSL7MQc7vIsISBG8VQ8+IDQxpfQA==

tinyglobby@^0.2.15:
  version "0.2.16"
  resolved "https://registry.yarnpkg.com/tinyglobby/-/tinyglobby-0.2.16.tgz#1c3b7eb953fce42b226bc5a1ee06428281aff3d6"
  integrity sha512-pn99VhoACYR8nFHhxqix+uvsbXineAasWm5ojXoN8xEwK5Kd3/TrhNn1wByuD52UxWRLy8pu+kRMniEi6Eq9Zg==
  dependencies:
    fdir "^6.5.0"
    picomatch "^4.0.4"

typescript@^6.0.0:
  version "6.0.3"
  resolved "https://registry.yarnpkg.com/typescript/-/typescript-6.0.3.tgz#90251dc007916e972786cb94d74d15b185577d21"
  integrity sha512-y2TvuxSZPDyQakkFRPZHKFm+KKVqIisdg9/CZwm9ftvKXLP8NRWj38/ODjNbr43SsoXqNuAisEf1GdCxqWcdBw==

vite@^7.3.0:
  version "7.3.3"
  resolved "https://registry.yarnpkg.com/vite/-/vite-7.3.3.tgz#d7e07a52b5873fb86f902a3f4b3d17410337450f"
  integrity sha512-/4XH147Ui7OGTjg3HbdWe5arnZQSbfuRzdr9Ec7TQi5I7R+ir0Rlc9GIvD4v0XZurELqA035KVXJXpR61xhiTA==
  dependencies:
    esbuild "^0.27.0"
    fdir "^6.5.0"
    picomatch "^4.0.3"
    postcss "^8.5.6"
    rollup "^4.43.0"
    tinyglobby "^0.2.15"
  optionalDependencies:
    fsevents "~2.3.3"
